{
  "name": "ts-serializable",
  "version": "0.0.3",
  "dependencies": {
    "reflect-metadata": {
      "version": "0.1.10",
      "from": "reflect-metadata@>=0.1.10 <0.2.0",
      "resolved": "https://registry.npmjs.org/reflect-metadata/-/reflect-metadata-0.1.10.tgz",
      "dev": true
    }
  }
}
